{
  "name": "aws",
  "version": "0.0.0",
  "lockfileVersion": 1,
  "requires": true,
  "dependencies": {
    "@opentelemetry/api": {
      "version": "0.14.0",
      "resolved": "https://registry.npmjs.org/@opentelemetry/api/-/api-0.14.0.tgz",
      "integrity": "sha512-L7RMuZr5LzMmZiQSQDy9O1jo0q+DaLy6XpYJfIGfYSfoJA5qzYwUP3sP1uMIQ549DvxAgM3ng85EaPTM/hUHwQ==",
      "requires": {
        "@opentelemetry/context-base": "^0.14.0"
      }
    },
    "@opentelemetry/context-async-hooks": {
      "version": "0.14.0",
      "resolved": "https://registry.npmjs.org/@opentelemetry/context-async-hooks/-/context-async-hooks-0.14.0.tgz",
      "integrity": "sha512-BgAPWbmelvL/xhI0B17aidyw24E1D69PlKjDZD1L5AI050Glg1+pa6W0jMSoZltnM27Bc+Pc9n22fqxa4kvLRg==",
      "requires": {
        "@opentelemetry/context-base": "^0.14.0"
      }
    },
    "@opentelemetry/context-base": {
      "version": "0.14.0",
      "resolved": "https://registry.npmjs.org/@opentelemetry/context-base/-/context-base-0.14.0.tgz",
      "integrity": "sha512-sDOAZcYwynHFTbLo6n8kIbLiVF3a3BLkrmehJUyEbT9F+Smbi47kLGS2gG2g0fjBLR/Lr1InPD7kXL7FaTqEkw=="
    },
    "@opentelemetry/core": {
      "version": "0.14.0",
      "resolved": "https://registry.npmjs.org/@opentelemetry/core/-/core-0.14.0.tgz",
      "integrity": "sha512-HJ4VM0cV6c5qjdW7C7koB2IT4ADunCOehxnKFRslQkbDqAEA1w42AZ9679siYALpWYxNqcJyqF2jxCNtfNHa6Q==",
      "requires": {
        "@opentelemetry/api": "^0.14.0",
        "@opentelemetry/context-base": "^0.14.0",
        "semver": "^7.1.3"
      }
    },
    "@opentelemetry/exporter-collector": {
      "version": "0.14.0",
      "resolved": "https://registry.npmjs.org/@opentelemetry/exporter-collector/-/exporter-collector-0.14.0.tgz",
      "integrity": "sha512-HUes1hRat1mRx3MGgEiXAm9tmaBHcKz4H8kma1+0vd43MpW183OMwrkRlU1CvA+eBnPWPLL6Qqwfx/R6NtRWog==",
      "requires": {
        "@opentelemetry/api": "^0.14.0",
        "@opentelemetry/core": "^0.14.0",
        "@opentelemetry/metrics": "^0.14.0",
        "@opentelemetry/resources": "^0.14.0",
        "@opentelemetry/tracing": "^0.14.0",
        "axios": "^0.21.0"
      }
    },
    "@opentelemetry/metrics": {
      "version": "0.14.0",
      "resolved": "https://registry.npmjs.org/@opentelemetry/metrics/-/metrics-0.14.0.tgz",
      "integrity": "sha512-gIC/ykE7V+5qKybSHr+83ATTaXEZLUdADLjLmd8ZIu1+I7dx8ZM+OJCmWyGyZppD1ZlclvhybQDUQOCRKpWMWQ==",
      "requires": {
        "@opentelemetry/api": "^0.14.0",
        "@opentelemetry/core": "^0.14.0",
        "@opentelemetry/resources": "^0.14.0"
      }
    },
    "@opentelemetry/node": {
      "version": "0.14.0",
      "resolved": "https://registry.npmjs.org/@opentelemetry/node/-/node-0.14.0.tgz",
      "integrity": "sha512-79egldZKRIqXArjLHD8SYTJUfY5PrcFZll4+ykfbz23vy/CXEVev+1S8bS8bkE08DUNzskDuiFYlLdWTY8fdrQ==",
      "requires": {
        "@opentelemetry/api": "^0.14.0",
        "@opentelemetry/context-async-hooks": "^0.14.0",
        "@opentelemetry/core": "^0.14.0",
        "@opentelemetry/tracing": "^0.14.0",
        "require-in-the-middle": "^5.0.0",
        "semver": "^7.1.3"
      }
    },
    "@opentelemetry/plugin-http": {
      "version": "0.14.0",
      "resolved": "https://registry.npmjs.org/@opentelemetry/plugin-http/-/plugin-http-0.14.0.tgz",
      "integrity": "sha512-j6VHSotl+geN+znYgGgn/GohTAirAtHum8Zpc52VZ/WQCrNfHcmEf4NYaGCuz5tW2EgmbH+66iDM/lgNadQuQg==",
      "requires": {
        "@opentelemetry/api": "^0.14.0",
        "@opentelemetry/core": "^0.14.0",
        "@opentelemetry/semantic-conventions": "^0.14.0",
        "semver": "^7.1.3",
        "shimmer": "^1.2.1"
      }
    },
    "@opentelemetry/plugin-https": {
      "version": "0.14.0",
      "resolved": "https://registry.npmjs.org/@opentelemetry/plugin-https/-/plugin-https-0.14.0.tgz",
      "integrity": "sha512-FyT3iaEO9CdGu1EeIe+JmAwfoYwjG9GtHiyWSovFEKO/0OLQLrXA2AQDgltOeelu/snPGB2MF92iPqbpfVdhHw==",
      "requires": {
        "@opentelemetry/api": "^0.14.0",
        "@opentelemetry/core": "^0.14.0",
        "@opentelemetry/plugin-http": "^0.14.0",
        "@opentelemetry/semantic-conventions": "^0.14.0",
        "semver": "^7.1.3",
        "shimmer": "^1.2.1"
      }
    },
    "@opentelemetry/resources": {
      "version": "0.14.0",
      "resolved": "https://registry.npmjs.org/@opentelemetry/resources/-/resources-0.14.0.tgz",
      "integrity": "sha512-7XVML4HxvoH6kWY+x0mhMc5m0a2YBvPCTSX7yAqyp9XIGvFpdjzAE2ggJ40DZrL1sPv9f0QYAbnIKFDVLBTfGA==",
      "requires": {
        "@opentelemetry/api": "^0.14.0",
        "@opentelemetry/core": "^0.14.0"
      }
    },
    "@opentelemetry/semantic-conventions": {
      "version": "0.14.0",
      "resolved": "https://registry.npmjs.org/@opentelemetry/semantic-conventions/-/semantic-conventions-0.14.0.tgz",
      "integrity": "sha512-iDGRLQwo+ka1ljlLo4KyuUmzsJwtPw+PyCjetQwn3m/pTXjdyWLGOTARBrpQGpkQp7k87RaCCg5AqZaKFU2G6g=="
    },
    "@opentelemetry/tracing": {
      "version": "0.14.0",
      "resolved": "https://registry.npmjs.org/@opentelemetry/tracing/-/tracing-0.14.0.tgz",
      "integrity": "sha512-sw9lXJQUQO0xaCvHWFUzIhgh2jGFgXubRQ6g1O84Q/ILU93ZMMVt+d97mihcrtBrV89Sy39HF8tAwekjpzv+cA==",
      "requires": {
        "@opentelemetry/api": "^0.14.0",
        "@opentelemetry/context-base": "^0.14.0",
        "@opentelemetry/core": "^0.14.0",
        "@opentelemetry/resources": "^0.14.0",
        "@opentelemetry/semantic-conventions": "^0.14.0"
      }
    },
    "aws-sdk": {
      "version": "2.820.0",
      "resolved": "https://registry.npmjs.org/aws-sdk/-/aws-sdk-2.820.0.tgz",
      "integrity": "sha512-OwGHxprG4KX5QC+vc77Xl7RCkJdwwKYPB7Gw3odNlMfdljedw7ICBylsMSBEwi/YjwaPryKPevHdOJAHbTKvQg==",
      "requires": {
        "buffer": "4.9.2",
        "events": "1.1.1",
        "ieee754": "1.1.13",
        "jmespath": "0.15.0",
        "querystring": "0.2.0",
        "sax": "1.2.1",
        "url": "0.10.3",
        "uuid": "3.3.2",
        "xml2js": "0.4.19"
      }
    },
    "axios": {
      "version": "0.21.1",
      "resolved": "https://registry.npmjs.org/axios/-/axios-0.21.1.tgz",
      "integrity": "sha512-dKQiRHxGD9PPRIUNIWvZhPTPpl1rf/OxTYKsqKUDjBwYylTvV7SjSHJb9ratfyzM6wCdLCOYLzs73qpg5c4iGA==",
      "requires": {
        "follow-redirects": "^1.10.0"
      }
    },
    "base64-js": {
      "version": "1.5.1",
      "resolved": "https://registry.npmjs.org/base64-js/-/base64-js-1.5.1.tgz",
      "integrity": "sha512-AKpaYlHn8t4SVbOHCy+b5+KKgvR4vrsD8vbvrbiQJps7fKDTkjkDry6ji0rUJjC0kzbNePLwzxq8iypo41qeWA=="
    },
    "buffer": {
      "version": "4.9.2",
      "resolved": "https://registry.npmjs.org/buffer/-/buffer-4.9.2.tgz",
      "integrity": "sha512-xq+q3SRMOxGivLhBNaUdC64hDTQwejJ+H0T/NB1XMtTVEwNTrfFF3gAxiyW0Bu/xWEGhjVKgUcMhCrUy2+uCWg==",
      "requires": {
        "base64-js": "^1.0.2",
        "ieee754": "^1.1.4",
        "isarray": "^1.0.0"
      }
    },
    "debug": {
      "version": "4.3.1",
      "resolved": "https://registry.npmjs.org/debug/-/debug-4.3.1.tgz",
      "integrity": "sha512-doEwdvm4PCeK4K3RQN2ZC2BYUBaxwLARCqZmMjtF8a51J2Rb0xpVloFRnCODwqjpwnAoao4pelN8l3RJdv3gRQ==",
      "requires": {
        "ms": "2.1.2"
      }
    },
    "events": {
      "version": "1.1.1",
      "resolved": "https://registry.npmjs.org/events/-/events-1.1.1.tgz",
      "integrity": "sha1-nr23Y1rQmccNzEwqH1AEKI6L2SQ="
    },
    "follow-redirects": {
      "version": "1.13.1",
      "resolved": "https://registry.npmjs.org/follow-redirects/-/follow-redirects-1.13.1.tgz",
      "integrity": "sha512-SSG5xmZh1mkPGyKzjZP8zLjltIfpW32Y5QpdNJyjcfGxK3qo3NDDkZOZSFiGn1A6SclQxY9GzEwAHQ3dmYRWpg=="
    },
    "function-bind": {
      "version": "1.1.1",
      "resolved": "https://registry.npmjs.org/function-bind/-/function-bind-1.1.1.tgz",
      "integrity": "sha512-yIovAzMX49sF8Yl58fSCWJ5svSLuaibPxXQJFLmBObTuCr0Mf1KiPopGM9NiFjiYBCbfaa2Fh6breQ6ANVTI0A=="
    },
    "has": {
      "version": "1.0.3",
      "resolved": "https://registry.npmjs.org/has/-/has-1.0.3.tgz",
      "integrity": "sha512-f2dvO0VU6Oej7RkWJGrehjbzMAjFp5/VKPp5tTpWIV4JHHZK1/BxbFRtf/siA2SWTe09caDmVtYYzWEIbBS4zw==",
      "requires": {
        "function-bind": "^1.1.1"
      }
    },
    "ieee754": {
      "version": "1.1.13",
      "resolved": "https://registry.npmjs.org/ieee754/-/ieee754-1.1.13.tgz",
      "integrity": "sha512-4vf7I2LYV/HaWerSo3XmlMkp5eZ83i+/CDluXi/IGTs/O1sejBNhTtnxzmRZfvOUqj7lZjqHkeTvpgSFDlWZTg=="
    },
    "is-core-module": {
      "version": "2.2.0",
      "resolved": "https://registry.npmjs.org/is-core-module/-/is-core-module-2.2.0.tgz",
      "integrity": "sha512-XRAfAdyyY5F5cOXn7hYQDqh2Xmii+DEfIcQGxK/uNwMHhIkPWO0g8msXcbzLe+MpGoR951MlqM/2iIlU4vKDdQ==",
      "requires": {
        "has": "^1.0.3"
      }
    },
    "isarray": {
      "version": "1.0.0",
      "resolved": "https://registry.npmjs.org/isarray/-/isarray-1.0.0.tgz",
      "integrity": "sha1-u5NdSFgsuhaMBoNJV6VKPgcSTxE="
    },
    "jmespath": {
      "version": "0.15.0",
      "resolved": "https://registry.npmjs.org/jmespath/-/jmespath-0.15.0.tgz",
      "integrity": "sha1-o/Iiqarp+Wb10nx5ZRDigJF2Qhc="
    },
    "lru-cache": {
      "version": "6.0.0",
      "resolved": "https://registry.npmjs.org/lru-cache/-/lru-cache-6.0.0.tgz",
      "integrity": "sha512-Jo6dJ04CmSjuznwJSS3pUeWmd/H0ffTlkXXgwZi+eq1UCmqQwCh+eLsYOYCwY991i2Fah4h1BEMCx4qThGbsiA==",
      "requires": {
        "yallist": "^4.0.0"
      }
    },
    "module-details-from-path": {
      "version": "1.0.3",
      "resolved": "https://registry.npmjs.org/module-details-from-path/-/module-details-from-path-1.0.3.tgz",
      "integrity": "sha1-EUyUlnPiqKNenTV4hSeqN7Z52is="
    },
    "ms": {
      "version": "2.1.2",
      "resolved": "https://registry.npmjs.org/ms/-/ms-2.1.2.tgz",
      "integrity": "sha512-sGkPx+VjMtmA6MX27oA4FBFELFCZZ4S4XqeGOXCv68tT+jb3vk/RyaKWP0PTKyWtmLSM0b+adUTEvbs1PEaH2w=="
    },
    "opentelemetry-plugin-aws-sdk": {
      "version": "0.1.1",
      "resolved": "https://registry.npmjs.org/opentelemetry-plugin-aws-sdk/-/opentelemetry-plugin-aws-sdk-0.1.1.tgz",
      "integrity": "sha512-3FgHnKJJ2uKKr8z2kooAJnMXW08CQomfZcEhDQvNispScYu7HT7XrpWsikgdVOdFRCnhdPs5PbmHAVhPMVCo6g==",
      "requires": {
        "@opentelemetry/api": "^0.13.0",
        "@opentelemetry/core": "^0.13.0",
        "@opentelemetry/semantic-conventions": "^0.13.0",
        "opentelemetry-propagation-utils": "0.1.0",
        "shimmer": "^1.2.1"
      },
      "dependencies": {
        "@opentelemetry/api": {
          "version": "0.13.0",
          "resolved": "https://registry.npmjs.org/@opentelemetry/api/-/api-0.13.0.tgz",
          "integrity": "sha512-3F5zuMBhL1cQIGTFGuuGofS9/2bfhoJxT9sWLfHtx7A/vN6HSA6YiotPjWFK/aTiLjZA4YYnIjeA3di151xJrw==",
          "requires": {
            "@opentelemetry/context-base": "^0.13.0"
          }
        },
        "@opentelemetry/context-base": {
          "version": "0.13.0",
          "resolved": "https://registry.npmjs.org/@opentelemetry/context-base/-/context-base-0.13.0.tgz",
          "integrity": "sha512-y4qNA0JA9ab0B0ppnOokAxzJDplBWCLdTVJrH8a8SMiWubkuGOIGJpe3ZoJzPLrg3BWKZ9CIk9vHiyBFYgYgWg=="
        },
        "@opentelemetry/core": {
          "version": "0.13.0",
          "resolved": "https://registry.npmjs.org/@opentelemetry/core/-/core-0.13.0.tgz",
          "integrity": "sha512-SFHr4uRnSSWqTLu1J1hadn92aGoGVb2WrPHvOgNIttSKYkUXNVyABO1pdtUN2AHE4/YBmk9eLwTUqwmFjVfZWQ==",
          "requires": {
            "@opentelemetry/api": "^0.13.0",
            "@opentelemetry/context-base": "^0.13.0",
            "semver": "^7.1.3"
          }
        },
        "@opentelemetry/semantic-conventions": {
          "version": "0.13.0",
          "resolved": "https://registry.npmjs.org/@opentelemetry/semantic-conventions/-/semantic-conventions-0.13.0.tgz",
          "integrity": "sha512-alkZh6Bb4bCJeTb2js2WYSGmO0qrHynA2FcANyEohX4QqezCbO4t2z0V/KopjDj201WuCY1lWoefgeZ/qnkCQA=="
        }
      }
    },
    "opentelemetry-propagation-utils": {
      "version": "0.1.0",
      "resolved": "https://registry.npmjs.org/opentelemetry-propagation-utils/-/opentelemetry-propagation-utils-0.1.0.tgz",
      "integrity": "sha512-Tzfgfu+5e/HM2R6uy2THNmTC7xet47vpRNILgExwtRVjFmqtO0CkLPjhxjEY1vLS085WqhDCEErYxZ0oxqCgqw=="
    },
    "path-parse": {
      "version": "1.0.6",
      "resolved": "https://registry.npmjs.org/path-parse/-/path-parse-1.0.6.tgz",
      "integrity": "sha512-GSmOT2EbHrINBf9SR7CDELwlJ8AENk3Qn7OikK4nFYAu3Ote2+JYNVvkpAEQm3/TLNEJFD/xZJjzyxg3KBWOzw=="
    },
    "punycode": {
      "version": "1.3.2",
      "resolved": "https://registry.npmjs.org/punycode/-/punycode-1.3.2.tgz",
      "integrity": "sha1-llOgNvt8HuQjQvIyXM7v6jkmxI0="
    },
    "querystring": {
      "version": "0.2.0",
      "resolved": "https://registry.npmjs.org/querystring/-/querystring-0.2.0.tgz",
      "integrity": "sha1-sgmEkgO7Jd+CDadW50cAWHhSFiA="
    },
    "require-in-the-middle": {
      "version": "5.1.0",
      "resolved": "https://registry.npmjs.org/require-in-the-middle/-/require-in-the-middle-5.1.0.tgz",
      "integrity": "sha512-M2rLKVupQfJ5lf9OvqFGIT+9iVLnTmjgbOmpil12hiSQNn5zJTKGPoIisETNjfK+09vP3rpm1zJajmErpr2sEQ==",
      "requires": {
        "debug": "^4.1.1",
        "module-details-from-path": "^1.0.3",
        "resolve": "^1.12.0"
      }
    },
    "resolve": {
      "version": "1.19.0",
      "resolved": "https://registry.npmjs.org/resolve/-/resolve-1.19.0.tgz",
      "integrity": "sha512-rArEXAgsBG4UgRGcynxWIWKFvh/XZCcS8UJdHhwy91zwAvCZIbcs+vAbflgBnNjYMs/i/i+/Ux6IZhML1yPvxg==",
      "requires": {
        "is-core-module": "^2.1.0",
        "path-parse": "^1.0.6"
      }
    },
    "sax": {
      "version": "1.2.1",
      "resolved": "https://registry.npmjs.org/sax/-/sax-1.2.1.tgz",
      "integrity": "sha1-e45lYZCyKOgaZq6nSEgNgozS03o="
    },
    "semver": {
      "version": "7.3.4",
      "resolved": "https://registry.npmjs.org/semver/-/semver-7.3.4.tgz",
      "integrity": "sha512-tCfb2WLjqFAtXn4KEdxIhalnRtoKFN7nAwj0B3ZXCbQloV2tq5eDbcTmT68JJD3nRJq24/XgxtQKFIpQdtvmVw==",
      "requires": {
        "lru-cache": "^6.0.0"
      }
    },
    "shimmer": {
      "version": "1.2.1",
      "resolved": "https://registry.npmjs.org/shimmer/-/shimmer-1.2.1.tgz",
      "integrity": "sha512-sQTKC1Re/rM6XyFM6fIAGHRPVGvyXfgzIDvzoq608vM+jeyVD0Tu1E6Np0Kc2zAIFWIj963V2800iF/9LPieQw=="
    },
    "url": {
      "version": "0.10.3",
      "resolved": "https://registry.npmjs.org/url/-/url-0.10.3.tgz",
      "integrity": "sha1-Ah5NnHcF8hu/N9A861h2dAJ3TGQ=",
      "requires": {
        "punycode": "1.3.2",
        "querystring": "0.2.0"
      }
    },
    "uuid": {
      "version": "3.3.2",
      "resolved": "https://registry.npmjs.org/uuid/-/uuid-3.3.2.tgz",
      "integrity": "sha512-yXJmeNaw3DnnKAOKJE51sL/ZaYfWJRl1pK9dr19YFCu0ObS231AB1/LbqTKRAQ5kw8A90rA6fr4riOUpTZvQZA=="
    },
    "xml2js": {
      "version": "0.4.19",
      "resolved": "https://registry.npmjs.org/xml2js/-/xml2js-0.4.19.tgz",
      "integrity": "sha512-esZnJZJOiJR9wWKMyuvSE1y6Dq5LCuJanqhxslH2bxM6duahNZ+HMpCLhBQGZkbX6xRf8x1Y2eJlgt2q3qo49Q==",
      "requires": {
        "sax": ">=0.6.0",
        "xmlbuilder": "~9.0.1"
      }
    },
    "xmlbuilder": {
      "version": "9.0.7",
      "resolved": "https://registry.npmjs.org/xmlbuilder/-/xmlbuilder-9.0.7.tgz",
      "integrity": "sha1-Ey7mPS7FVlxVfiD0wi35rKaGsQ0="
    },
    "yallist": {
      "version": "4.0.0",
      "resolved": "https://registry.npmjs.org/yallist/-/yallist-4.0.0.tgz",
      "integrity": "sha512-3wdGidZyq5PB084XLES5TpOSRA3wjXAlIWMhum2kRcv/41Sn2emQ0dycQW4uZXLejwKvg6EsvbdlVL+FYEct7A=="
    }
  }
}
